
Microsoft Visual Studio Solution File, Format Version 11.00
# Visual Studio 2010
Project("{FAE04EC0-301F-11D3-BF4B-00C04F79EFBC}") = "PiLighting", "PiLighting\PiLighting.csproj", "{1CABCDC3-820A-4D2F-A193-7B37F73C65C8}"
EndProject
Global
	GlobalSection(SolutionConfigurationPlatforms) = preSolution
		Debug|x86 = Debug|x86
		Release|x86 = Release|x86
	EndGlobalSection
	GlobalSection(ProjectConfigurationPlatforms) = postSolution
		{1CABCDC3-820A-4D2F-A193-7B37F73C65C8}.Debug|x86.ActiveCfg = Debug|x86
		{1CABCDC3-820A-4D2F-A193-7B37F73C65C8}.Debug|x86.Build.0 = Debug|x86
		{1CABCDC3-820A-4D2F-A193-7B37F73C65C8}.Release|x86.ActiveCfg = Release|x86
		{1CABCDC3-820A-4D2F-A193-7B37F73C65C8}.Release|x86.Build.0 = Release|x86
	EndGlobalSection
	GlobalSection(MonoDevelopProperties) = preSolution
		StartupItem = PiLighting\PiLighting.csproj
	EndGlobalSection
EndGlobal
